
Microsoft Visual Studio Solution File, Format Version 12.00
# Visual Studio 15
VisualStudioVersion = 15.0.26430.12
MinimumVisualStudioVersion = 10.0.40219.1
Project("{2150E333-8FDC-42A3-9474-1A3956D46DE8}") = "src", "src", "{11266D05-6ACE-4F04-8076-0A8B87317947}"
EndProject
Project("{2150E333-8FDC-42A3-9474-1A3956D46DE8}") = "samples", "samples", "{8B6478C7-119F-4FA7-9A68-BA8DAA8585A3}"
EndProject
Project("{9A19103F-16F7-4668-BE54-9A1E7A4F7556}") = "Nemi.Extensions.Configuration.Yaml", "src\Nemi.Extensions.Configuration.Yaml\Nemi.Extensions.Configuration.Yaml.csproj", "{9CC84FCF-6B05-4301-8429-93DF4C5165A5}"
EndProject
Project("{9A19103F-16F7-4668-BE54-9A1E7A4F7556}") = "Configuration.Yaml", "samples\Configuration.Yaml\Configuration.Yaml.csproj", "{39AD4EA5-93A0-4801-88A3-B3D68AEE10E9}"
EndProject
Global
	GlobalSection(SolutionConfigurationPlatforms) = preSolution
		Debug|Any CPU = Debug|Any CPU
		Release|Any CPU = Release|Any CPU
	EndGlobalSection
	GlobalSection(ProjectConfigurationPlatforms) = postSolution
		{9CC84FCF-6B05-4301-8429-93DF4C5165A5}.Debug|Any CPU.ActiveCfg = Debug|Any CPU
		{9CC84FCF-6B05-4301-8429-93DF4C5165A5}.Debug|Any CPU.Build.0 = Debug|Any CPU
		{9CC84FCF-6B05-4301-8429-93DF4C5165A5}.Release|Any CPU.ActiveCfg = Release|Any CPU
		{9CC84FCF-6B05-4301-8429-93DF4C5165A5}.Release|Any CPU.Build.0 = Release|Any CPU
		{39AD4EA5-93A0-4801-88A3-B3D68AEE10E9}.Debug|Any CPU.ActiveCfg = Debug|Any CPU
		{39AD4EA5-93A0-4801-88A3-B3D68AEE10E9}.Debug|Any CPU.Build.0 = Debug|Any CPU
		{39AD4EA5-93A0-4801-88A3-B3D68AEE10E9}.Release|Any CPU.ActiveCfg = Release|Any CPU
		{39AD4EA5-93A0-4801-88A3-B3D68AEE10E9}.Release|Any CPU.Build.0 = Release|Any CPU
	EndGlobalSection
	GlobalSection(SolutionProperties) = preSolution
		HideSolutionNode = FALSE
	EndGlobalSection
	GlobalSection(NestedProjects) = preSolution
		{9CC84FCF-6B05-4301-8429-93DF4C5165A5} = {11266D05-6ACE-4F04-8076-0A8B87317947}
		{39AD4EA5-93A0-4801-88A3-B3D68AEE10E9} = {8B6478C7-119F-4FA7-9A68-BA8DAA8585A3}
	EndGlobalSection
EndGlobal
